// !$*UTF8*$!
{
	archiveVersion = 1;
	classes = {
	};
	objectVersion = 51;
	objects = {

/* Begin PBXBuildFile section */
		51B7139913AEFD38DA954272 /* Pods_ChatApp.framework in Frameworks */ = {isa = PBXBuildFile; fileRef = BCD647EA959A08D0411DA062 /* Pods_ChatApp.framework */; };
		662226152643131B00B1659C /* AppDelegate.swift in Sources */ = {isa = PBXBuildFile; fileRef = 662226142643131B00B1659C /* AppDelegate.swift */; };
		662226172643131B00B1659C /* SceneDelegate.swift in Sources */ = {isa = PBXBuildFile; fileRef = 662226162643131B00B1659C /* SceneDelegate.swift */; };
		662226192643131B00B1659C /* ViewController.swift in Sources */ = {isa = PBXBuildFile; fileRef = 662226182643131B00B1659C /* ViewController.swift */; };
		6622261C2643131B00B1659C /* Main.storyboard in Resources */ = {isa = PBXBuildFile; fileRef = 6622261A2643131B00B1659C /* Main.storyboard */; };
		6622261E2643131B00B1659C /* Assets.xcassets in Resources */ = {isa = PBXBuildFile; fileRef = 6622261D2643131B00B1659C /* Assets.xcassets */; };
		662226212643131B00B1659C /* LaunchScreen.storyboard in Resources */ = {isa = PBXBuildFile; fileRef = 6622261F2643131B00B1659C /* LaunchScreen.storyboard */; };
		6622264126431DBE00B1659C /* LoginViewController.swift in Sources */ = {isa = PBXBuildFile; fileRef = 6622264026431DBE00B1659C /* LoginViewController.swift */; };
		6622264526431DCE00B1659C /* RegistrationViewController.swift in Sources */ = {isa = PBXBuildFile; fileRef = 6622264426431DCE00B1659C /* RegistrationViewController.swift */; };
		6622264826431DDB00B1659C /* ChatViewController.swift in Sources */ = {isa = PBXBuildFile; fileRef = 6622264726431DDB00B1659C /* ChatViewController.swift */; };
		6622264B2643285600B1659C /* GoogleService-Info.plist in Resources */ = {isa = PBXBuildFile; fileRef = 6622264A2643285600B1659C /* GoogleService-Info.plist */; };
/* End PBXBuildFile section */

/* Begin PBXFileReference section */
		662226112643131B00B1659C /* ChatApp.app */ = {isa = PBXFileReference; explicitFileType = wrapper.application; includeInIndex = 0; path = ChatApp.app; sourceTree = BUILT_PRODUCTS_DIR; };
		662226142643131B00B1659C /* AppDelegate.swift */ = {isa = PBXFileReference; lastKnownFileType = sourcecode.swift; path = AppDelegate.swift; sourceTree = "<group>"; };
		662226162643131B00B1659C /* SceneDelegate.swift */ = {isa = PBXFileReference; lastKnownFileType = sourcecode.swift; path = SceneDelegate.swift; sourceTree = "<group>"; };
		662226182643131B00B1659C /* ViewController.swift */ = {isa = PBXFileReference; lastKnownFileType = sourcecode.swift; path = ViewController.swift; sourceTree = "<group>"; };
		6622261B2643131B00B1659C /* Base */ = {isa = PBXFileReference; lastKnownFileType = file.storyboard; name = Base; path = Base.lproj/Main.storyboard; sourceTree = "<group>"; };
		6622261D2643131B00B1659C /* Assets.xcassets */ = {isa = PBXFileReference; lastKnownFileType = folder.assetcatalog; path = Assets.xcassets; sourceTree = "<group>"; };
		662226202643131B00B1659C /* Base */ = {isa = PBXFileReference; lastKnownFileType = file.storyboard; name = Base; path = Base.lproj/LaunchScreen.storyboard; sourceTree = "<group>"; };
		662226222643131B00B1659C /* Info.plist */ = {isa = PBXFileReference; lastKnownFileType = text.plist.xml; path = Info.plist; sourceTree = "<group>"; };
		6622264026431DBE00B1659C /* LoginViewController.swift */ = {isa = PBXFileReference; lastKnownFileType = sourcecode.swift; path = LoginViewController.swift; sourceTree = "<group>"; };
		6622264426431DCE00B1659C /* RegistrationViewController.swift */ = {isa = PBXFileReference; lastKnownFileType = sourcecode.swift; path = RegistrationViewController.swift; sourceTree = "<group>"; };
		6622264726431DDB00B1659C /* ChatViewController.swift */ = {isa = PBXFileReference; lastKnownFileType = sourcecode.swift; path = ChatViewController.swift; sourceTree = "<group>"; };
		6622264A2643285600B1659C /* GoogleService-Info.plist */ = {isa = PBXFileReference; fileEncoding = 4; lastKnownFileType = text.plist.xml; name = "GoogleService-Info.plist"; path = "../../../Downloads/GoogleService-Info.plist"; sourceTree = "<group>"; };
		BCD647EA959A08D0411DA062 /* Pods_ChatApp.framework */ = {isa = PBXFileReference; explicitFileType = wrapper.framework; includeInIndex = 0; path = Pods_ChatApp.framework; sourceTree = BUILT_PRODUCTS_DIR; };
		CEE75BEA69B3467C55970EF5 /* Pods-ChatApp.release.xcconfig */ = {isa = PBXFileReference; includeInIndex = 1; lastKnownFileType = text.xcconfig; name = "Pods-ChatApp.release.xcconfig"; path = "Target Support Files/Pods-ChatApp/Pods-ChatApp.release.xcconfig"; sourceTree = "<group>"; };
		FBFFF1B3A74A12AE32A0206F /* Pods-ChatApp.debug.xcconfig */ = {isa = PBXFileReference; includeInIndex = 1; lastKnownFileType = text.xcconfig; name = "Pods-ChatApp.debug.xcconfig"; path = "Target Support Files/Pods-ChatApp/Pods-ChatApp.debug.xcconfig"; sourceTree = "<group>"; };
/* End PBXFileReference section */

/* Begin PBXFrameworksBuildPhase section */
		6622260E2643131B00B1659C /* Frameworks */ = {
			isa = PBXFrameworksBuildPhase;
			buildActionMask = 2147483647;
			files = (
				51B7139913AEFD38DA954272 /* Pods_ChatApp.framework in Frameworks */,
			);
			runOnlyForDeploymentPostprocessing = 0;
		};
/* End PBXFrameworksBuildPhase section */

/* Begin PBXGroup section */
		32A2B950B5CAE8FDD08D7BD4 /* Frameworks */ = {
			isa = PBXGroup;
			children = (
				BCD647EA959A08D0411DA062 /* Pods_ChatApp.framework */,
			);
			name = Frameworks;
			sourceTree = "<group>";
		};
		662226082643131B00B1659C = {
			isa = PBXGroup;
			children = (
				662226132643131B00B1659C /* ChatApp */,
				662226122643131B00B1659C /* Products */,
				E03996DE8AA7CCB22491C6C0 /* Pods */,
				32A2B950B5CAE8FDD08D7BD4 /* Frameworks */,
			);
			sourceTree = "<group>";
		};
		662226122643131B00B1659C /* Products */ = {
			isa = PBXGroup;
			children = (
				662226112643131B00B1659C /* ChatApp.app */,
			);
			name = Products;
			sourceTree = "<group>";
		};
		662226132643131B00B1659C /* ChatApp */ = {
			isa = PBXGroup;
			children = (
				6622263E26431D7500B1659C /* View */,
				6622263D26431D6200B1659C /* Controllers */,
				6622264E264328FE00B1659C /* Extra */,
				662226222643131B00B1659C /* Info.plist */,
				6622264A2643285600B1659C /* GoogleService-Info.plist */,
			);
			path = ChatApp;
			sourceTree = "<group>";
		};
		6622263D26431D6200B1659C /* Controllers */ = {
			isa = PBXGroup;
			children = (
				662226182643131B00B1659C /* ViewController.swift */,
				6622264026431DBE00B1659C /* LoginViewController.swift */,
				6622264426431DCE00B1659C /* RegistrationViewController.swift */,
				6622264726431DDB00B1659C /* ChatViewController.swift */,
			);
			name = Controllers;
			sourceTree = "<group>";
		};
		6622263E26431D7500B1659C /* View */ = {
			isa = PBXGroup;
			children = (
				6622261A2643131B00B1659C /* Main.storyboard */,
			);
			path = View;
			sourceTree = "<group>";
		};
		6622264E264328FE00B1659C /* Extra */ = {
			isa = PBXGroup;
			children = (
				662226142643131B00B1659C /* AppDelegate.swift */,
				662226162643131B00B1659C /* SceneDelegate.swift */,
				6622261D2643131B00B1659C /* Assets.xcassets */,
				6622261F2643131B00B1659C /* LaunchScreen.storyboard */,
			);
			name = Extra;
			sourceTree = "<group>";
		};
		E03996DE8AA7CCB22491C6C0 /* Pods */ = {
			isa = PBXGroup;
			children = (
				FBFFF1B3A74A12AE32A0206F /* Pods-ChatApp.debug.xcconfig */,
				CEE75BEA69B3467C55970EF5 /* Pods-ChatApp.release.xcconfig */,
			);
			path = Pods;
			sourceTree = "<group>";
		};
/* End PBXGroup section */

/* Begin PBXNativeTarget section */
		662226102643131B00B1659C /* ChatApp */ = {
			isa = PBXNativeTarget;
			buildConfigurationList = 662226252643131B00B1659C /* Build configuration list for PBXNativeTarget "ChatApp" */;
			buildPhases = (
				C4FEB2789E630EB130D7D0D1 /* [CP] Check Pods Manifest.lock */,
				6622260D2643131B00B1659C /* Sources */,
				6622260E2643131B00B1659C /* Frameworks */,
				6622260F2643131B00B1659C /* Resources */,
				8CCB68BD57E3AFB0848A7109 /* [CP] Embed Pods Frameworks */,
			);
			buildRules = (
			);
			dependencies = (
			);
			name = ChatApp;
			productName = ChatApp;
			productReference = 662226112643131B00B1659C /* ChatApp.app */;
			productType = "com.apple.product-type.application";
		};
/* End PBXNativeTarget section */

/* Begin PBXProject section */
		662226092643131B00B1659C /* Project object */ = {
			isa = PBXProject;
			attributes = {
				LastSwiftUpdateCheck = 1230;
				LastUpgradeCheck = 1230;
				TargetAttributes = {
					662226102643131B00B1659C = {
						CreatedOnToolsVersion = 12.3;
					};
				};
			};
			buildConfigurationList = 6622260C2643131B00B1659C /* Build configuration list for PBXProject "ChatApp" */;
			compatibilityVersion = "Xcode 9.3";
			developmentRegion = en;
			hasScannedForEncodings = 0;
			knownRegions = (
				en,
				Base,
			);
			mainGroup = 662226082643131B00B1659C;
			productRefGroup = 662226122643131B00B1659C /* Products */;
			projectDirPath = "";
			projectRoot = "";
			targets = (
				662226102643131B00B1659C /* ChatApp */,
			);
		};
/* End PBXProject section */

/* Begin PBXResourcesBuildPhase section */
		6622260F2643131B00B1659C /* Resources */ = {
			isa = PBXResourcesBuildPhase;
			buildActionMask = 2147483647;
			files = (
				662226212643131B00B1659C /* LaunchScreen.storyboard in Resources */,
				6622264B2643285600B1659C /* GoogleService-Info.plist in Resources */,
				6622261E2643131B00B1659C /* Assets.xcassets in Resources */,
				6622261C2643131B00B1659C /* Main.storyboard in Resources */,
			);
			runOnlyForDeploymentPostprocessing = 0;
		};
/* End PBXResourcesBuildPhase section */

/* Begin PBXShellScriptBuildPhase section */
		8CCB68BD57E3AFB0848A7109 /* [CP] Embed Pods Frameworks */ = {
			isa = PBXShellScriptBuildPhase;
			buildActionMask = 2147483647;
			files = (
			);
			inputFileListPaths = (
				"${PODS_ROOT}/Target Support Files/Pods-ChatApp/Pods-ChatApp-frameworks-${CONFIGURATION}-input-files.xcfilelist",
			);
			name = "[CP] Embed Pods Frameworks";
			outputFileListPaths = (
				"${PODS_ROOT}/Target Support Files/Pods-ChatApp/Pods-ChatApp-frameworks-${CONFIGURATION}-output-files.xcfilelist",
			);
			runOnlyForDeploymentPostprocessing = 0;
			shellPath = /bin/sh;
			shellScript = "\"${PODS_ROOT}/Target Support Files/Pods-ChatApp/Pods-ChatApp-frameworks.sh\"\n";
			showEnvVarsInLog = 0;
		};
		C4FEB2789E630EB130D7D0D1 /* [CP] Check Pods Manifest.lock */ = {
			isa = PBXShellScriptBuildPhase;
			buildActionMask = 2147483647;
			files = (
			);
			inputFileListPaths = (
			);
			inputPaths = (
				"${PODS_PODFILE_DIR_PATH}/Podfile.lock",
				"${PODS_ROOT}/Manifest.lock",
			);
			name = "[CP] Check Pods Manifest.lock";
			outputFileListPaths = (
			);
			outputPaths = (
				"$(DERIVED_FILE_DIR)/Pods-ChatApp-checkManifestLockResult.txt",
			);
			runOnlyForDeploymentPostprocessing = 0;
			shellPath = /bin/sh;
			shellScript = "diff \"${PODS_PODFILE_DIR_PATH}/Podfile.lock\" \"${PODS_ROOT}/Manifest.lock\" > /dev/null\nif [ $? != 0 ] ; then\n    # print error to STDERR\n    echo \"error: The sandbox is not in sync with the Podfile.lock. Run 'pod install' or update your CocoaPods installation.\" >&2\n    exit 1\nfi\n# This output is used by Xcode 'outputs' to avoid re-running this script phase.\necho \"SUCCESS\" > \"${SCRIPT_OUTPUT_FILE_0}\"\n";
			showEnvVarsInLog = 0;
		};
/* End PBXShellScriptBuildPhase section */

/* Begin PBXSourcesBuildPhase section */
		6622260D2643131B00B1659C /* Sources */ = {
			isa = PBXSourcesBuildPhase;
			buildActionMask = 2147483647;
			files = (
				6622264126431DBE00B1659C /* LoginViewController.swift in Sources */,
				662226192643131B00B1659C /* ViewController.swift in Sources */,
				662226152643131B00B1659C /* AppDelegate.swift in Sources */,
				662226172643131B00B1659C /* SceneDelegate.swift in Sources */,
				6622264826431DDB00B1659C /* ChatViewController.swift in Sources */,
				6622264526431DCE00B1659C /* RegistrationViewController.swift in Sources */,
			);
			runOnlyForDeploymentPostprocessing = 0;
		};
/* End PBXSourcesBuildPhase section */

/* Begin PBXVariantGroup section */
		6622261A2643131B00B1659C /* Main.storyboard */ = {
			isa = PBXVariantGroup;
			children = (
				6622261B2643131B00B1659C /* Base */,
			);
			name = Main.storyboard;
			sourceTree = "<group>";
		};
		6622261F2643131B00B1659C /* LaunchScreen.storyboard */ = {
			isa = PBXVariantGroup;
			children = (
				662226202643131B00B1659C /* Base */,
			);
			name = LaunchScreen.storyboard;
			sourceTree = "<group>";
		};
/* End PBXVariantGroup section */

/* Begin XCBuildConfiguration section */
		662226232643131B00B1659C /* Debug */ = {
			isa = XCBuildConfiguration;
			buildSettings = {
				ALWAYS_SEARCH_USER_PATHS = NO;
				CLANG_ANALYZER_NONNULL = YES;
				CLANG_ANALYZER_NUMBER_OBJECT_CONVERSION = YES_AGGRESSIVE;
				CLANG_CXX_LANGUAGE_STANDARD = "gnu++14";
				CLANG_CXX_LIBRARY = "libc++";
				CLANG_ENABLE_MODULES = YES;
				CLANG_ENABLE_OBJC_ARC = YES;
				CLANG_ENABLE_OBJC_WEAK = YES;
				CLANG_WARN_BLOCK_CAPTURE_AUTORELEASING = YES;
				CLANG_WARN_BOOL_CONVERSION = YES;
				CLANG_WARN_COMMA = YES;
				CLANG_WARN_CONSTANT_CONVERSION = YES;
				CLANG_WARN_DEPRECATED_OBJC_IMPLEMENTATIONS = YES;
				CLANG_WARN_DIRECT_OBJC_ISA_USAGE = YES_ERROR;
				CLANG_WARN_DOCUMENTATION_COMMENTS = YES;
				CLANG_WARN_EMPTY_BODY = YES;
				CLANG_WARN_ENUM_CONVERSION = YES;
				CLANG_WARN_INFINITE_RECURSION = YES;
				CLANG_WARN_INT_CONVERSION = YES;
				CLANG_WARN_NON_LITERAL_NULL_CONVERSION = YES;
				CLANG_WARN_OBJC_IMPLICIT_RETAIN_SELF = YES;
				CLANG_WARN_OBJC_LITERAL_CONVERSION = YES;
				CLANG_WARN_OBJC_ROOT_CLASS = YES_ERROR;
				CLANG_WARN_QUOTED_INCLUDE_IN_FRAMEWORK_HEADER = YES;
				CLANG_WARN_RANGE_LOOP_ANALYSIS = YES;
				CLANG_WARN_STRICT_PROTOTYPES = YES;
				CLANG_WARN_SUSPICIOUS_MOVE = YES;
				CLANG_WARN_UNGUARDED_AVAILABILITY = YES_AGGRESSIVE;
				CLANG_WARN_UNREACHABLE_CODE = YES;
				CLANG_WARN__DUPLICATE_METHOD_MATCH = YES;
				COPY_PHASE_STRIP = NO;
				DEBUG_INFORMATION_FORMAT = dwarf;
				ENABLE_STRICT_OBJC_MSGSEND = YES;
				ENABLE_TESTABILITY = YES;
				GCC_C_LANGUAGE_STANDARD = gnu11;
				GCC_DYNAMIC_NO_PIC = NO;
				GCC_NO_COMMON_BLOCKS = YES;
				GCC_OPTIMIZATION_LEVEL = 0;
				GCC_PREPROCESSOR_DEFINITIONS = (
					"DEBUG=1",
					"$(inherited)",
				);
				GCC_WARN_64_TO_32_BIT_CONVERSION = YES;
				GCC_WARN_ABOUT_RETURN_TYPE = YES_ERROR;
				GCC_WARN_UNDECLARED_SELECTOR = YES;
				GCC_WARN_UNINITIALIZED_AUTOS = YES_AGGRESSIVE;
				GCC_WARN_UNUSED_FUNCTION = YES;
				GCC_WARN_UNUSED_VARIABLE = YES;
				IPHONEOS_DEPLOYMENT_TARGET = 14.3;
				MTL_ENABLE_DEBUG_INFO = INCLUDE_SOURCE;
				MTL_FAST_MATH = YES;
				ONLY_ACTIVE_ARCH = YES;
				SDKROOT = iphoneos;
				SWIFT_ACTIVE_COMPILATION_CONDITIONS = DEBUG;
				SWIFT_OPTIMIZATION_LEVEL = "-Onone";
			};
			name = Debug;
		};
		662226242643131B00B1659C /* Release */ = {
			isa = XCBuildConfiguration;
			buildSettings = {
				ALWAYS_SEARCH_USER_PATHS = NO;
				CLANG_ANALYZER_NONNULL = YES;
				CLANG_ANALYZER_NUMBER_OBJECT_CONVERSION = YES_AGGRESSIVE;
				CLANG_CXX_LANGUAGE_STANDARD = "gnu++14";
				CLANG_CXX_LIBRARY = "libc++";
				CLANG_ENABLE_MODULES = YES;
				CLANG_ENABLE_OBJC_ARC = YES;
				CLANG_ENABLE_OBJC_WEAK = YES;
				CLANG_WARN_BLOCK_CAPTURE_AUTORELEASING = YES;
				CLANG_WARN_BOOL_CONVERSION = YES;
				CLANG_WARN_COMMA = YES;
				CLANG_WARN_CONSTANT_CONVERSION = YES;
				CLANG_WARN_DEPRECATED_OBJC_IMPLEMENTATIONS = YES;
				CLANG_WARN_DIRECT_OBJC_ISA_USAGE = YES_ERROR;
				CLANG_WARN_DOCUMENTATION_COMMENTS = YES;
				CLANG_WARN_EMPTY_BODY = YES;
				CLANG_WARN_ENUM_CONVERSION = YES;
				CLANG_WARN_INFINITE_RECURSION = YES;
				CLANG_WARN_INT_CONVERSION = YES;
				CLANG_WARN_NON_LITERAL_NULL_CONVERSION = YES;
				CLANG_WARN_OBJC_IMPLICIT_RETAIN_SELF = YES;
				CLANG_WARN_OBJC_LITERAL_CONVERSION = YES;
				CLANG_WARN_OBJC_ROOT_CLASS = YES_ERROR;
				CLANG_WARN_QUOTED_INCLUDE_IN_FRAMEWORK_HEADER = YES;
				CLANG_WARN_RANGE_LOOP_ANALYSIS = YES;
				CLANG_WARN_STRICT_PROTOTYPES = YES;
				CLANG_WARN_SUSPICIOUS_MOVE = YES;
				CLANG_WARN_UNGUARDED_AVAILABILITY = YES_AGGRESSIVE;
				CLANG_WARN_UNREACHABLE_CODE = YES;
				CLANG_WARN__DUPLICATE_METHOD_MATCH = YES;
				COPY_PHASE_STRIP = NO;
				DEBUG_INFORMATION_FORMAT = "dwarf-with-dsym";
				ENABLE_NS_ASSERTIONS = NO;
				ENABLE_STRICT_OBJC_MSGSEND = YES;
				GCC_C_LANGUAGE_STANDARD = gnu11;
				GCC_NO_COMMON_BLOCKS = YES;
				GCC_WARN_64_TO_32_BIT_CONVERSION = YES;
				GCC_WARN_ABOUT_RETURN_TYPE = YES_ERROR;
				GCC_WARN_UNDECLARED_SELECTOR = YES;
				GCC_WARN_UNINITIALIZED_AUTOS = YES_AGGRESSIVE;
				GCC_WARN_UNUSED_FUNCTION = YES;
				GCC_WARN_UNUSED_VARIABLE = YES;
				IPHONEOS_DEPLOYMENT_TARGET = 14.3;
				MTL_ENABLE_DEBUG_INFO = NO;
				MTL_FAST_MATH = YES;
				SDKROOT = iphoneos;
				SWIFT_COMPILATION_MODE = wholemodule;
				SWIFT_OPTIMIZATION_LEVEL = "-O";
				VALIDATE_PRODUCT = YES;
			};
			name = Release;
		};
		662226262643131B00B1659C /* Debug */ = {
			isa = XCBuildConfiguration;
			baseConfigurationReference = FBFFF1B3A74A12AE32A0206F /* Pods-ChatApp.debug.xcconfig */;
			buildSettings = {
				ASSETCATALOG_COMPILER_APPICON_NAME = AppIcon;
				ASSETCATALOG_COMPILER_GLOBAL_ACCENT_COLOR_NAME = AccentColor;
				CODE_SIGN_STYLE = Automatic;
				INFOPLIST_FILE = ChatApp/Info.plist;
				LD_RUNPATH_SEARCH_PATHS = (
					"$(inherited)",
					"@executable_path/Frameworks",
				);
				PRODUCT_BUNDLE_IDENTIFIER = KDD.ChatApp;
				PRODUCT_NAME = "$(TARGET_NAME)";
				SWIFT_VERSION = 5.0;
				TARGETED_DEVICE_FAMILY = "1,2";
			};
			name = Debug;
		};
		662226272643131B00B1659C /* Release */ = {
			isa = XCBuildConfiguration;
			baseConfigurationReference = CEE75BEA69B3467C55970EF5 /* Pods-ChatApp.release.xcconfig */;
			buildSettings = {
				ASSETCATALOG_COMPILER_APPICON_NAME = AppIcon;
				ASSETCATALOG_COMPILER_GLOBAL_ACCENT_COLOR_NAME = AccentColor;
				CODE_SIGN_STYLE = Automatic;
				INFOPLIST_FILE = ChatApp/Info.plist;
				LD_RUNPATH_SEARCH_PATHS = (
					"$(inherited)",
					"@executable_path/Frameworks",
				);
				PRODUCT_BUNDLE_IDENTIFIER = KDD.ChatApp;
				PRODUCT_NAME = "$(TARGET_NAME)";
				SWIFT_VERSION = 5.0;
				TARGETED_DEVICE_FAMILY = "1,2";
			};
			name = Release;
		};
/* End XCBuildConfiguration section */

/* Begin XCConfigurationList section */
		6622260C2643131B00B1659C /* Build configuration list for PBXProject "ChatApp" */ = {
			isa = XCConfigurationList;
			buildConfigurations = (
				662226232643131B00B1659C /* Debug */,
				662226242643131B00B1659C /* Release */,
			);
			defaultConfigurationIsVisible = 0;
			defaultConfigurationName = Release;
		};
		662226252643131B00B1659C /* Build configuration list for PBXNativeTarget "ChatApp" */ = {
			isa = XCConfigurationList;
			buildConfigurations = (
				662226262643131B00B1659C /* Debug */,
				662226272643131B00B1659C /* Release */,
			);
			defaultConfigurationIsVisible = 0;
			defaultConfigurationName = Release;
		};
/* End XCConfigurationList section */
	};
	rootObject = 662226092643131B00B1659C /* Project object */;
}
